
Microsoft Visual Studio Solution File, Format Version 12.00
# Visual Studio 15
VisualStudioVersion = 15.0.28010.2016
MinimumVisualStudioVersion = 10.0.40219.1
Project("{8BC9CEB8-8B4A-11D0-8D11-00A0C91BC942}") = "Dabrovski", "Dabrovski\Dabrovski.vcxproj", "{15C0B73E-EEC4-4EE6-9A58-85E560C1966D}"
EndProject
Global
	GlobalSection(SolutionConfigurationPlatforms) = preSolution
		Debug|x64 = Debug|x64
		Debug|x86 = Debug|x86
		Release|x64 = Release|x64
		Release|x86 = Release|x86
	EndGlobalSection
	GlobalSection(ProjectConfigurationPlatforms) = postSolution
		{15C0B73E-EEC4-4EE6-9A58-85E560C1966D}.Debug|x64.ActiveCfg = Debug|x64
		{15C0B73E-EEC4-4EE6-9A58-85E560C1966D}.Debug|x64.Build.0 = Debug|x64
		{15C0B73E-EEC4-4EE6-9A58-85E560C1966D}.Debug|x86.ActiveCfg = Debug|Win32
		{15C0B73E-EEC4-4EE6-9A58-85E560C1966D}.Debug|x86.Build.0 = Debug|Win32
		{15C0B73E-EEC4-4EE6-9A58-85E560C1966D}.Release|x64.ActiveCfg = Release|x64
		{15C0B73E-EEC4-4EE6-9A58-85E560C1966D}.Release|x64.Build.0 = Release|x64
		{15C0B73E-EEC4-4EE6-9A58-85E560C1966D}.Release|x86.ActiveCfg = Release|Win32
		{15C0B73E-EEC4-4EE6-9A58-85E560C1966D}.Release|x86.Build.0 = Release|Win32
	EndGlobalSection
	GlobalSection(SolutionProperties) = preSolution
		HideSolutionNode = FALSE
	EndGlobalSection
	GlobalSection(ExtensibilityGlobals) = postSolution
		SolutionGuid = {7852974B-0BE7-48A5-ACB6-802B74C22F52}
	EndGlobalSection
EndGlobal
